
Microsoft Visual Studio Solution File, Format Version 12.00
# Visual Studio 15
VisualStudioVersion = 15.0.28307.572
MinimumVisualStudioVersion = 10.0.40219.1
Project("{6EC3EE1D-3C4E-46DD-8F32-0CC8E7565705}") = "AddTwoNumbersII", "AddTwoNumbers\AddTwoNumbersII.fsproj", "{1388E5BC-CFE4-440F-9767-BED24884DF48}"
EndProject
Global
	GlobalSection(SolutionConfigurationPlatforms) = preSolution
		Debug|Any CPU = Debug|Any CPU
		Release|Any CPU = Release|Any CPU
	EndGlobalSection
	GlobalSection(ProjectConfigurationPlatforms) = postSolution
		{1388E5BC-CFE4-440F-9767-BED24884DF48}.Debug|Any CPU.ActiveCfg = Debug|Any CPU
		{1388E5BC-CFE4-440F-9767-BED24884DF48}.Debug|Any CPU.Build.0 = Debug|Any CPU
		{1388E5BC-CFE4-440F-9767-BED24884DF48}.Release|Any CPU.ActiveCfg = Release|Any CPU
		{1388E5BC-CFE4-440F-9767-BED24884DF48}.Release|Any CPU.Build.0 = Release|Any CPU
	EndGlobalSection
	GlobalSection(SolutionProperties) = preSolution
		HideSolutionNode = FALSE
	EndGlobalSection
	GlobalSection(ExtensibilityGlobals) = postSolution
		SolutionGuid = {954B0374-01DF-4165-AE36-ACD4F3368397}
	EndGlobalSection
EndGlobal
